// !$*UTF8*$!
{
	archiveVersion = 1;
	classes = {
	};
	objectVersion = 46;
	objects = {

/* Begin PBXBuildFile section */
		025B131A1BEBC5DB002AB684 /* main.m in Sources */ = {isa = PBXBuildFile; fileRef = 025B13191BEBC5DB002AB684 /* main.m */; };
		025B131D1BEBC5DB002AB684 /* AppDelegate.m in Sources */ = {isa = PBXBuildFile; fileRef = 025B131C1BEBC5DB002AB684 /* AppDelegate.m */; };
		025B13251BEBC5DB002AB684 /* Assets.xcassets in Resources */ = {isa = PBXBuildFile; fileRef = 025B13241BEBC5DB002AB684 /* Assets.xcassets */; };
		025B13281BEBC5DB002AB684 /* LaunchScreen.storyboard in Resources */ = {isa = PBXBuildFile; fileRef = 025B13261BEBC5DB002AB684 /* LaunchScreen.storyboard */; };
		025B13311BEBC6AD002AB684 /* TwitterClient.m in Sources */ = {isa = PBXBuildFile; fileRef = 025B13301BEBC6AD002AB684 /* TwitterClient.m */; };
		025B13691BEC4153002AB684 /* LoginViewController.m in Sources */ = {isa = PBXBuildFile; fileRef = 025B13671BEC4153002AB684 /* LoginViewController.m */; };
		025B136A1BEC4153002AB684 /* LoginViewController.xib in Resources */ = {isa = PBXBuildFile; fileRef = 025B13681BEC4153002AB684 /* LoginViewController.xib */; };
		025B13AE1BED6286002AB684 /* Tweet.m in Sources */ = {isa = PBXBuildFile; fileRef = 025B13AD1BED6286002AB684 /* Tweet.m */; };
		025B13B11BED6292002AB684 /* User.m in Sources */ = {isa = PBXBuildFile; fileRef = 025B13B01BED6292002AB684 /* User.m */; };
		025B13B51BF003F3002AB684 /* TweetsViewController.m in Sources */ = {isa = PBXBuildFile; fileRef = 025B13B31BF003F3002AB684 /* TweetsViewController.m */; };
		025B13B61BF003F3002AB684 /* TweetsViewController.xib in Resources */ = {isa = PBXBuildFile; fileRef = 025B13B41BF003F3002AB684 /* TweetsViewController.xib */; };
		025B13BB1BF0401C002AB684 /* TweetDetailsViewController.m in Sources */ = {isa = PBXBuildFile; fileRef = 025B13B91BF0401C002AB684 /* TweetDetailsViewController.m */; };
		025B13BC1BF0401C002AB684 /* TweetDetailsViewController.xib in Resources */ = {isa = PBXBuildFile; fileRef = 025B13BA1BF0401C002AB684 /* TweetDetailsViewController.xib */; };
		025B13C01BF0402D002AB684 /* NewTweetViewController.m in Sources */ = {isa = PBXBuildFile; fileRef = 025B13BE1BF0402D002AB684 /* NewTweetViewController.m */; };
		025B13C11BF0402D002AB684 /* NewTweetViewController.xib in Resources */ = {isa = PBXBuildFile; fileRef = 025B13BF1BF0402D002AB684 /* NewTweetViewController.xib */; };
		025B13C51BF040FD002AB684 /* TweetCell.m in Sources */ = {isa = PBXBuildFile; fileRef = 025B13C31BF040FD002AB684 /* TweetCell.m */; };
		025B13C61BF040FD002AB684 /* TweetCell.xib in Resources */ = {isa = PBXBuildFile; fileRef = 025B13C41BF040FD002AB684 /* TweetCell.xib */; };
		025B13CE1BF06DF5002AB684 /* like.png in Resources */ = {isa = PBXBuildFile; fileRef = 025B13CB1BF06DF5002AB684 /* like.png */; };
		025B13CF1BF06DF5002AB684 /* reply.png in Resources */ = {isa = PBXBuildFile; fileRef = 025B13CC1BF06DF5002AB684 /* reply.png */; };
		025B13D01BF06DF5002AB684 /* retweet.png in Resources */ = {isa = PBXBuildFile; fileRef = 025B13CD1BF06DF5002AB684 /* retweet.png */; };
		0D674BD10BAEC3EA2893A8D2 /* libPods-twitter.a in Frameworks */ = {isa = PBXBuildFile; fileRef = 334860265EF58386534DA83A /* libPods-twitter.a */; };
/* End PBXBuildFile section */

/* Begin PBXFileReference section */
		025B13151BEBC5DB002AB684 /* twitter.app */ = {isa = PBXFileReference; explicitFileType = wrapper.application; includeInIndex = 0; path = twitter.app; sourceTree = BUILT_PRODUCTS_DIR; };
		025B13191BEBC5DB002AB684 /* main.m */ = {isa = PBXFileReference; lastKnownFileType = sourcecode.c.objc; path = main.m; sourceTree = "<group>"; };
		025B131B1BEBC5DB002AB684 /* AppDelegate.h */ = {isa = PBXFileReference; lastKnownFileType = sourcecode.c.h; path = AppDelegate.h; sourceTree = "<group>"; };
		025B131C1BEBC5DB002AB684 /* AppDelegate.m */ = {isa = PBXFileReference; lastKnownFileType = sourcecode.c.objc; path = AppDelegate.m; sourceTree = "<group>"; };
		025B13241BEBC5DB002AB684 /* Assets.xcassets */ = {isa = PBXFileReference; lastKnownFileType = folder.assetcatalog; path = Assets.xcassets; sourceTree = "<group>"; };
		025B13271BEBC5DB002AB684 /* Base */ = {isa = PBXFileReference; lastKnownFileType = file.storyboard; name = Base; path = Base.lproj/LaunchScreen.storyboard; sourceTree = "<group>"; };
		025B13291BEBC5DB002AB684 /* Info.plist */ = {isa = PBXFileReference; lastKnownFileType = text.plist.xml; path = Info.plist; sourceTree = "<group>"; };
		025B132F1BEBC6AD002AB684 /* TwitterClient.h */ = {isa = PBXFileReference; fileEncoding = 4; lastKnownFileType = sourcecode.c.h; path = TwitterClient.h; sourceTree = "<group>"; };
		025B13301BEBC6AD002AB684 /* TwitterClient.m */ = {isa = PBXFileReference; fileEncoding = 4; lastKnownFileType = sourcecode.c.objc; path = TwitterClient.m; sourceTree = "<group>"; };
		025B13661BEC4153002AB684 /* LoginViewController.h */ = {isa = PBXFileReference; fileEncoding = 4; lastKnownFileType = sourcecode.c.h; path = LoginViewController.h; sourceTree = "<group>"; };
		025B13671BEC4153002AB684 /* LoginViewController.m */ = {isa = PBXFileReference; fileEncoding = 4; lastKnownFileType = sourcecode.c.objc; path = LoginViewController.m; sourceTree = "<group>"; };
		025B13681BEC4153002AB684 /* LoginViewController.xib */ = {isa = PBXFileReference; fileEncoding = 4; lastKnownFileType = file.xib; path = LoginViewController.xib; sourceTree = "<group>"; };
		025B13AC1BED6286002AB684 /* Tweet.h */ = {isa = PBXFileReference; fileEncoding = 4; lastKnownFileType = sourcecode.c.h; path = Tweet.h; sourceTree = "<group>"; };
		025B13AD1BED6286002AB684 /* Tweet.m */ = {isa = PBXFileReference; fileEncoding = 4; lastKnownFileType = sourcecode.c.objc; path = Tweet.m; sourceTree = "<group>"; };
		025B13AF1BED6292002AB684 /* User.h */ = {isa = PBXFileReference; fileEncoding = 4; lastKnownFileType = sourcecode.c.h; path = User.h; sourceTree = "<group>"; };
		025B13B01BED6292002AB684 /* User.m */ = {isa = PBXFileReference; fileEncoding = 4; lastKnownFileType = sourcecode.c.objc; path = User.m; sourceTree = "<group>"; };
		025B13B21BF003F3002AB684 /* TweetsViewController.h */ = {isa = PBXFileReference; fileEncoding = 4; lastKnownFileType = sourcecode.c.h; path = TweetsViewController.h; sourceTree = "<group>"; };
		025B13B31BF003F3002AB684 /* TweetsViewController.m */ = {isa = PBXFileReference; fileEncoding = 4; lastKnownFileType = sourcecode.c.objc; path = TweetsViewController.m; sourceTree = "<group>"; };
		025B13B41BF003F3002AB684 /* TweetsViewController.xib */ = {isa = PBXFileReference; fileEncoding = 4; lastKnownFileType = file.xib; path = TweetsViewController.xib; sourceTree = "<group>"; };
		025B13B81BF0401C002AB684 /* TweetDetailsViewController.h */ = {isa = PBXFileReference; fileEncoding = 4; lastKnownFileType = sourcecode.c.h; path = TweetDetailsViewController.h; sourceTree = "<group>"; };
		025B13B91BF0401C002AB684 /* TweetDetailsViewController.m */ = {isa = PBXFileReference; fileEncoding = 4; lastKnownFileType = sourcecode.c.objc; path = TweetDetailsViewController.m; sourceTree = "<group>"; };
		025B13BA1BF0401C002AB684 /* TweetDetailsViewController.xib */ = {isa = PBXFileReference; fileEncoding = 4; lastKnownFileType = file.xib; path = TweetDetailsViewController.xib; sourceTree = "<group>"; };
		025B13BD1BF0402D002AB684 /* NewTweetViewController.h */ = {isa = PBXFileReference; fileEncoding = 4; lastKnownFileType = sourcecode.c.h; path = NewTweetViewController.h; sourceTree = "<group>"; };
		025B13BE1BF0402D002AB684 /* NewTweetViewController.m */ = {isa = PBXFileReference; fileEncoding = 4; lastKnownFileType = sourcecode.c.objc; path = NewTweetViewController.m; sourceTree = "<group>"; };
		025B13BF1BF0402D002AB684 /* NewTweetViewController.xib */ = {isa = PBXFileReference; fileEncoding = 4; lastKnownFileType = file.xib; path = NewTweetViewController.xib; sourceTree = "<group>"; };
		025B13C21BF040FD002AB684 /* TweetCell.h */ = {isa = PBXFileReference; fileEncoding = 4; lastKnownFileType = sourcecode.c.h; path = TweetCell.h; sourceTree = "<group>"; };
		025B13C31BF040FD002AB684 /* TweetCell.m */ = {isa = PBXFileReference; fileEncoding = 4; lastKnownFileType = sourcecode.c.objc; path = TweetCell.m; sourceTree = "<group>"; };
		025B13C41BF040FD002AB684 /* TweetCell.xib */ = {isa = PBXFileReference; fileEncoding = 4; lastKnownFileType = file.xib; path = TweetCell.xib; sourceTree = "<group>"; };
		025B13CB1BF06DF5002AB684 /* like.png */ = {isa = PBXFileReference; lastKnownFileType = image.png; path = like.png; sourceTree = "<group>"; };
		025B13CC1BF06DF5002AB684 /* reply.png */ = {isa = PBXFileReference; lastKnownFileType = image.png; path = reply.png; sourceTree = "<group>"; };
		025B13CD1BF06DF5002AB684 /* retweet.png */ = {isa = PBXFileReference; lastKnownFileType = image.png; path = retweet.png; sourceTree = "<group>"; };
		334860265EF58386534DA83A /* libPods-twitter.a */ = {isa = PBXFileReference; explicitFileType = archive.ar; includeInIndex = 0; path = "libPods-twitter.a"; sourceTree = BUILT_PRODUCTS_DIR; };
		3E98A586213242454C4F2179 /* Pods-twitter.debug.xcconfig */ = {isa = PBXFileReference; includeInIndex = 1; lastKnownFileType = text.xcconfig; name = "Pods-twitter.debug.xcconfig"; path = "Pods/Target Support Files/Pods-twitter/Pods-twitter.debug.xcconfig"; sourceTree = "<group>"; };
		57D0261EAB7B70B2BC78AC0A /* Pods-twitter.release.xcconfig */ = {isa = PBXFileReference; includeInIndex = 1; lastKnownFileType = text.xcconfig; name = "Pods-twitter.release.xcconfig"; path = "Pods/Target Support Files/Pods-twitter/Pods-twitter.release.xcconfig"; sourceTree = "<group>"; };
/* End PBXFileReference section */

/* Begin PBXFrameworksBuildPhase section */
		025B13121BEBC5DB002AB684 /* Frameworks */ = {
			isa = PBXFrameworksBuildPhase;
			buildActionMask = 2147483647;
			files = (
				0D674BD10BAEC3EA2893A8D2 /* libPods-twitter.a in Frameworks */,
			);
			runOnlyForDeploymentPostprocessing = 0;
		};
/* End PBXFrameworksBuildPhase section */

/* Begin PBXGroup section */
		025B130C1BEBC5DB002AB684 = {
			isa = PBXGroup;
			children = (
				025B13171BEBC5DB002AB684 /* twitter */,
				025B13161BEBC5DB002AB684 /* Products */,
				EC30C3A7099CFB02EAE7B388 /* Pods */,
				04E25EF4CBF315A63B332609 /* Frameworks */,
			);
			sourceTree = "<group>";
		};
		025B13161BEBC5DB002AB684 /* Products */ = {
			isa = PBXGroup;
			children = (
				025B13151BEBC5DB002AB684 /* twitter.app */,
			);
			name = Products;
			sourceTree = "<group>";
		};
		025B13171BEBC5DB002AB684 /* twitter */ = {
			isa = PBXGroup;
			children = (
				025B13B71BF025BC002AB684 /* Views */,
				025B13AB1BED6271002AB684 /* Models */,
				025B13331BEBC74C002AB684 /* View Controllers */,
				025B13321BEBC742002AB684 /* Clients */,
				025B131B1BEBC5DB002AB684 /* AppDelegate.h */,
				025B131C1BEBC5DB002AB684 /* AppDelegate.m */,
				025B13241BEBC5DB002AB684 /* Assets.xcassets */,
				025B13CB1BF06DF5002AB684 /* like.png */,
				025B13CC1BF06DF5002AB684 /* reply.png */,
				025B13CD1BF06DF5002AB684 /* retweet.png */,
				025B13261BEBC5DB002AB684 /* LaunchScreen.storyboard */,
				025B13291BEBC5DB002AB684 /* Info.plist */,
				025B13181BEBC5DB002AB684 /* Supporting Files */,
			);
			path = twitter;
			sourceTree = "<group>";
		};
		025B13181BEBC5DB002AB684 /* Supporting Files */ = {
			isa = PBXGroup;
			children = (
				025B13191BEBC5DB002AB684 /* main.m */,
			);
			name = "Supporting Files";
			sourceTree = "<group>";
		};
		025B13321BEBC742002AB684 /* Clients */ = {
			isa = PBXGroup;
			children = (
				025B132F1BEBC6AD002AB684 /* TwitterClient.h */,
				025B13301BEBC6AD002AB684 /* TwitterClient.m */,
			);
			name = Clients;
			sourceTree = "<group>";
		};
		025B13331BEBC74C002AB684 /* View Controllers */ = {
			isa = PBXGroup;
			children = (
				025B13661BEC4153002AB684 /* LoginViewController.h */,
				025B13671BEC4153002AB684 /* LoginViewController.m */,
				025B13681BEC4153002AB684 /* LoginViewController.xib */,
				025B13B21BF003F3002AB684 /* TweetsViewController.h */,
				025B13B31BF003F3002AB684 /* TweetsViewController.m */,
				025B13B41BF003F3002AB684 /* TweetsViewController.xib */,
				025B13B81BF0401C002AB684 /* TweetDetailsViewController.h */,
				025B13B91BF0401C002AB684 /* TweetDetailsViewController.m */,
				025B13BA1BF0401C002AB684 /* TweetDetailsViewController.xib */,
				025B13BD1BF0402D002AB684 /* NewTweetViewController.h */,
				025B13BE1BF0402D002AB684 /* NewTweetViewController.m */,
				025B13BF1BF0402D002AB684 /* NewTweetViewController.xib */,
			);
			name = "View Controllers";
			sourceTree = "<group>";
		};
		025B13AB1BED6271002AB684 /* Models */ = {
			isa = PBXGroup;
			children = (
				025B13AC1BED6286002AB684 /* Tweet.h */,
				025B13AD1BED6286002AB684 /* Tweet.m */,
				025B13AF1BED6292002AB684 /* User.h */,
				025B13B01BED6292002AB684 /* User.m */,
			);
			name = Models;
			sourceTree = "<group>";
		};
		025B13B71BF025BC002AB684 /* Views */ = {
			isa = PBXGroup;
			children = (
				025B13C21BF040FD002AB684 /* TweetCell.h */,
				025B13C31BF040FD002AB684 /* TweetCell.m */,
				025B13C41BF040FD002AB684 /* TweetCell.xib */,
			);
			name = Views;
			sourceTree = "<group>";
		};
		04E25EF4CBF315A63B332609 /* Frameworks */ = {
			isa = PBXGroup;
			children = (
				334860265EF58386534DA83A /* libPods-twitter.a */,
			);
			name = Frameworks;
			sourceTree = "<group>";
		};
		EC30C3A7099CFB02EAE7B388 /* Pods */ = {
			isa = PBXGroup;
			children = (
				3E98A586213242454C4F2179 /* Pods-twitter.debug.xcconfig */,
				57D0261EAB7B70B2BC78AC0A /* Pods-twitter.release.xcconfig */,
			);
			name = Pods;
			sourceTree = "<group>";
		};
/* End PBXGroup section */

/* Begin PBXNativeTarget section */
		025B13141BEBC5DB002AB684 /* twitter */ = {
			isa = PBXNativeTarget;
			buildConfigurationList = 025B132C1BEBC5DB002AB684 /* Build configuration list for PBXNativeTarget "twitter" */;
			buildPhases = (
				7EED4A4E6C8CF6CE3D7FB934 /* Check Pods Manifest.lock */,
				025B13111BEBC5DB002AB684 /* Sources */,
				025B13121BEBC5DB002AB684 /* Frameworks */,
				025B13131BEBC5DB002AB684 /* Resources */,
				AE1A81A6F74B002B87A083C7 /* Embed Pods Frameworks */,
				6A1B61F326C24D3282426FEF /* Copy Pods Resources */,
			);
			buildRules = (
			);
			dependencies = (
			);
			name = twitter;
			productName = twitter;
			productReference = 025B13151BEBC5DB002AB684 /* twitter.app */;
			productType = "com.apple.product-type.application";
		};
/* End PBXNativeTarget section */

/* Begin PBXProject section */
		025B130D1BEBC5DB002AB684 /* Project object */ = {
			isa = PBXProject;
			attributes = {
				LastUpgradeCheck = 0710;
				ORGANIZATIONNAME = codepath;
				TargetAttributes = {
					025B13141BEBC5DB002AB684 = {
						CreatedOnToolsVersion = 7.1;
					};
				};
			};
			buildConfigurationList = 025B13101BEBC5DB002AB684 /* Build configuration list for PBXProject "twitter" */;
			compatibilityVersion = "Xcode 3.2";
			developmentRegion = English;
			hasScannedForEncodings = 0;
			knownRegions = (
				en,
				Base,
			);
			mainGroup = 025B130C1BEBC5DB002AB684;
			productRefGroup = 025B13161BEBC5DB002AB684 /* Products */;
			projectDirPath = "";
			projectRoot = "";
			targets = (
				025B13141BEBC5DB002AB684 /* twitter */,
			);
		};
/* End PBXProject section */

/* Begin PBXResourcesBuildPhase section */
		025B13131BEBC5DB002AB684 /* Resources */ = {
			isa = PBXResourcesBuildPhase;
			buildActionMask = 2147483647;
			files = (
				025B13CE1BF06DF5002AB684 /* like.png in Resources */,
				025B13CF1BF06DF5002AB684 /* reply.png in Resources */,
				025B13B61BF003F3002AB684 /* TweetsViewController.xib in Resources */,
				025B13281BEBC5DB002AB684 /* LaunchScreen.storyboard in Resources */,
				025B13251BEBC5DB002AB684 /* Assets.xcassets in Resources */,
				025B13C61BF040FD002AB684 /* TweetCell.xib in Resources */,
				025B13D01BF06DF5002AB684 /* retweet.png in Resources */,
				025B13C11BF0402D002AB684 /* NewTweetViewController.xib in Resources */,
				025B13BC1BF0401C002AB684 /* TweetDetailsViewController.xib in Resources */,
				025B136A1BEC4153002AB684 /* LoginViewController.xib in Resources */,
			);
			runOnlyForDeploymentPostprocessing = 0;
		};
/* End PBXResourcesBuildPhase section */

/* Begin PBXShellScriptBuildPhase section */
		6A1B61F326C24D3282426FEF /* Copy Pods Resources */ = {
			isa = PBXShellScriptBuildPhase;
			buildActionMask = 2147483647;
			files = (
			);
			inputPaths = (
			);
			name = "Copy Pods Resources";
			outputPaths = (
			);
			runOnlyForDeploymentPostprocessing = 0;
			shellPath = /bin/sh;
			shellScript = "\"${SRCROOT}/Pods/Target Support Files/Pods-twitter/Pods-twitter-resources.sh\"\n";
			showEnvVarsInLog = 0;
		};
		7EED4A4E6C8CF6CE3D7FB934 /* Check Pods Manifest.lock */ = {
			isa = PBXShellScriptBuildPhase;
			buildActionMask = 2147483647;
			files = (
			);
			inputPaths = (
			);
			name = "Check Pods Manifest.lock";
			outputPaths = (
			);
			runOnlyForDeploymentPostprocessing = 0;
			shellPath = /bin/sh;
			shellScript = "diff \"${PODS_ROOT}/../Podfile.lock\" \"${PODS_ROOT}/Manifest.lock\" > /dev/null\nif [[ $? != 0 ]] ; then\n    cat << EOM\nerror: The sandbox is not in sync with the Podfile.lock. Run 'pod install' or update your CocoaPods installation.\nEOM\n    exit 1\nfi\n";
			showEnvVarsInLog = 0;
		};
		AE1A81A6F74B002B87A083C7 /* Embed Pods Frameworks */ = {
			isa = PBXShellScriptBuildPhase;
			buildActionMask = 2147483647;
			files = (
			);
			inputPaths = (
			);
			name = "Embed Pods Frameworks";
			outputPaths = (
			);
			runOnlyForDeploymentPostprocessing = 0;
			shellPath = /bin/sh;
			shellScript = "\"${SRCROOT}/Pods/Target Support Files/Pods-twitter/Pods-twitter-frameworks.sh\"\n";
			showEnvVarsInLog = 0;
		};
/* End PBXShellScriptBuildPhase section */

/* Begin PBXSourcesBuildPhase section */
		025B13111BEBC5DB002AB684 /* Sources */ = {
			isa = PBXSourcesBuildPhase;
			buildActionMask = 2147483647;
			files = (
				025B13691BEC4153002AB684 /* LoginViewController.m in Sources */,
				025B13C01BF0402D002AB684 /* NewTweetViewController.m in Sources */,
				025B131D1BEBC5DB002AB684 /* AppDelegate.m in Sources */,
				025B13C51BF040FD002AB684 /* TweetCell.m in Sources */,
				025B13B11BED6292002AB684 /* User.m in Sources */,
				025B13AE1BED6286002AB684 /* Tweet.m in Sources */,
				025B13311BEBC6AD002AB684 /* TwitterClient.m in Sources */,
				025B13BB1BF0401C002AB684 /* TweetDetailsViewController.m in Sources */,
				025B131A1BEBC5DB002AB684 /* main.m in Sources */,
				025B13B51BF003F3002AB684 /* TweetsViewController.m in Sources */,
			);
			runOnlyForDeploymentPostprocessing = 0;
		};
/* End PBXSourcesBuildPhase section */

/* Begin PBXVariantGroup section */
		025B13261BEBC5DB002AB684 /* LaunchScreen.storyboard */ = {
			isa = PBXVariantGroup;
			children = (
				025B13271BEBC5DB002AB684 /* Base */,
			);
			name = LaunchScreen.storyboard;
			sourceTree = "<group>";
		};
/* End PBXVariantGroup section */

/* Begin XCBuildConfiguration section */
		025B132A1BEBC5DB002AB684 /* Debug */ = {
			isa = XCBuildConfiguration;
			buildSettings = {
				ALWAYS_SEARCH_USER_PATHS = NO;
				CLANG_CXX_LANGUAGE_STANDARD = "gnu++0x";
				CLANG_CXX_LIBRARY = "libc++";
				CLANG_ENABLE_MODULES = YES;
				CLANG_ENABLE_OBJC_ARC = YES;
				CLANG_WARN_BOOL_CONVERSION = YES;
				CLANG_WARN_CONSTANT_CONVERSION = YES;
				CLANG_WARN_DIRECT_OBJC_ISA_USAGE = YES_ERROR;
				CLANG_WARN_EMPTY_BODY = YES;
				CLANG_WARN_ENUM_CONVERSION = YES;
				CLANG_WARN_INT_CONVERSION = YES;
				CLANG_WARN_OBJC_ROOT_CLASS = YES_ERROR;
				CLANG_WARN_UNREACHABLE_CODE = YES;
				CLANG_WARN__DUPLICATE_METHOD_MATCH = YES;
				"CODE_SIGN_IDENTITY[sdk=iphoneos*]" = "iPhone Developer";
				COPY_PHASE_STRIP = NO;
				DEBUG_INFORMATION_FORMAT = dwarf;
				ENABLE_STRICT_OBJC_MSGSEND = YES;
				ENABLE_TESTABILITY = YES;
				GCC_C_LANGUAGE_STANDARD = gnu99;
				GCC_DYNAMIC_NO_PIC = NO;
				GCC_NO_COMMON_BLOCKS = YES;
				GCC_OPTIMIZATION_LEVEL = 0;
				GCC_PREPROCESSOR_DEFINITIONS = (
					"DEBUG=1",
					"$(inherited)",
				);
				GCC_WARN_64_TO_32_BIT_CONVERSION = YES;
				GCC_WARN_ABOUT_RETURN_TYPE = YES_ERROR;
				GCC_WARN_UNDECLARED_SELECTOR = YES;
				GCC_WARN_UNINITIALIZED_AUTOS = YES_AGGRESSIVE;
				GCC_WARN_UNUSED_FUNCTION = YES;
				GCC_WARN_UNUSED_VARIABLE = YES;
				IPHONEOS_DEPLOYMENT_TARGET = 9.1;
				MTL_ENABLE_DEBUG_INFO = YES;
				ONLY_ACTIVE_ARCH = YES;
				SDKROOT = iphoneos;
				TARGETED_DEVICE_FAMILY = "1,2";
			};
			name = Debug;
		};
		025B132B1BEBC5DB002AB684 /* Release */ = {
			isa = XCBuildConfiguration;
			buildSettings = {
				ALWAYS_SEARCH_USER_PATHS = NO;
				CLANG_CXX_LANGUAGE_STANDARD = "gnu++0x";
				CLANG_CXX_LIBRARY = "libc++";
				CLANG_ENABLE_MODULES = YES;
				CLANG_ENABLE_OBJC_ARC = YES;
				CLANG_WARN_BOOL_CONVERSION = YES;
				CLANG_WARN_CONSTANT_CONVERSION = YES;
				CLANG_WARN_DIRECT_OBJC_ISA_USAGE = YES_ERROR;
				CLANG_WARN_EMPTY_BODY = YES;
				CLANG_WARN_ENUM_CONVERSION = YES;
				CLANG_WARN_INT_CONVERSION = YES;
				CLANG_WARN_OBJC_ROOT_CLASS = YES_ERROR;
				CLANG_WARN_UNREACHABLE_CODE = YES;
				CLANG_WARN__DUPLICATE_METHOD_MATCH = YES;
				"CODE_SIGN_IDENTITY[sdk=iphoneos*]" = "iPhone Developer";
				COPY_PHASE_STRIP = NO;
				DEBUG_INFORMATION_FORMAT = "dwarf-with-dsym";
				ENABLE_NS_ASSERTIONS = NO;
				ENABLE_STRICT_OBJC_MSGSEND = YES;
				GCC_C_LANGUAGE_STANDARD = gnu99;
				GCC_NO_COMMON_BLOCKS = YES;
				GCC_WARN_64_TO_32_BIT_CONVERSION = YES;
				GCC_WARN_ABOUT_RETURN_TYPE = YES_ERROR;
				GCC_WARN_UNDECLARED_SELECTOR = YES;
				GCC_WARN_UNINITIALIZED_AUTOS = YES_AGGRESSIVE;
				GCC_WARN_UNUSED_FUNCTION = YES;
				GCC_WARN_UNUSED_VARIABLE = YES;
				IPHONEOS_DEPLOYMENT_TARGET = 9.1;
				MTL_ENABLE_DEBUG_INFO = NO;
				SDKROOT = iphoneos;
				TARGETED_DEVICE_FAMILY = "1,2";
				VALIDATE_PRODUCT = YES;
			};
			name = Release;
		};
		025B132D1BEBC5DB002AB684 /* Debug */ = {
			isa = XCBuildConfiguration;
			baseConfigurationReference = 3E98A586213242454C4F2179 /* Pods-twitter.debug.xcconfig */;
			buildSettings = {
				ASSETCATALOG_COMPILER_APPICON_NAME = AppIcon;
				INFOPLIST_FILE = twitter/Info.plist;
				LD_RUNPATH_SEARCH_PATHS = "$(inherited) @executable_path/Frameworks";
				PRODUCT_BUNDLE_IDENTIFIER = com.codepath.twitter;
				PRODUCT_NAME = "$(TARGET_NAME)";
			};
			name = Debug;
		};
		025B132E1BEBC5DB002AB684 /* Release */ = {
			isa = XCBuildConfiguration;
			baseConfigurationReference = 57D0261EAB7B70B2BC78AC0A /* Pods-twitter.release.xcconfig */;
			buildSettings = {
				ASSETCATALOG_COMPILER_APPICON_NAME = AppIcon;
				INFOPLIST_FILE = twitter/Info.plist;
				LD_RUNPATH_SEARCH_PATHS = "$(inherited) @executable_path/Frameworks";
				PRODUCT_BUNDLE_IDENTIFIER = com.codepath.twitter;
				PRODUCT_NAME = "$(TARGET_NAME)";
			};
			name = Release;
		};
/* End XCBuildConfiguration section */

/* Begin XCConfigurationList section */
		025B13101BEBC5DB002AB684 /* Build configuration list for PBXProject "twitter" */ = {
			isa = XCConfigurationList;
			buildConfigurations = (
				025B132A1BEBC5DB002AB684 /* Debug */,
				025B132B1BEBC5DB002AB684 /* Release */,
			);
			defaultConfigurationIsVisible = 0;
			defaultConfigurationName = Release;
		};
		025B132C1BEBC5DB002AB684 /* Build configuration list for PBXNativeTarget "twitter" */ = {
			isa = XCConfigurationList;
			buildConfigurations = (
				025B132D1BEBC5DB002AB684 /* Debug */,
				025B132E1BEBC5DB002AB684 /* Release */,
			);
			defaultConfigurationIsVisible = 0;
			defaultConfigurationName = Release;
		};
/* End XCConfigurationList section */
	};
	rootObject = 025B130D1BEBC5DB002AB684 /* Project object */;
}
